
Microsoft Visual Studio Solution File, Format Version 11.00
# Visual Studio 2010
Project("{FAE04EC0-301F-11D3-BF4B-00C04F79EFBC}") = "Hunt the Wumpus 3", "Hunt the Wumpus 3\Hunt the Wumpus 3\Hunt the Wumpus 3.csproj", "{6C9EAC5E-CE35-4959-AF86-0E9AA5D80937}"
EndProject
Project("{96E2B04D-8817-42C6-938A-82C39BA4D311}") = "Hunt the Wumpus 3Content", "Hunt the Wumpus 3\Hunt the Wumpus 3Content\Hunt the Wumpus 3Content.contentproj", "{9242F562-E6C2-436C-A213-E8BEE9DC3C6D}"
EndProject
Global
	GlobalSection(SolutionConfigurationPlatforms) = preSolution
		Debug|x86 = Debug|x86
		Release|x86 = Release|x86
	EndGlobalSection
	GlobalSection(ProjectConfigurationPlatforms) = postSolution
		{6C9EAC5E-CE35-4959-AF86-0E9AA5D80937}.Debug|x86.ActiveCfg = Debug|x86
		{6C9EAC5E-CE35-4959-AF86-0E9AA5D80937}.Debug|x86.Build.0 = Debug|x86
		{6C9EAC5E-CE35-4959-AF86-0E9AA5D80937}.Release|x86.ActiveCfg = Release|x86
		{6C9EAC5E-CE35-4959-AF86-0E9AA5D80937}.Release|x86.Build.0 = Release|x86
		{9242F562-E6C2-436C-A213-E8BEE9DC3C6D}.Debug|x86.ActiveCfg = Debug|x86
		{9242F562-E6C2-436C-A213-E8BEE9DC3C6D}.Release|x86.ActiveCfg = Release|x86
	EndGlobalSection
	GlobalSection(SolutionProperties) = preSolution
		HideSolutionNode = FALSE
	EndGlobalSection
EndGlobal
